{
  "object": {
    "pins": [
      {
        "package": "CocoaAsyncSocket",
        "repositoryURL": "https://github.com/robbiehanson/CocoaAsyncSocket",
        "state": {
          "branch": null,
          "revision": "dbdc00669c1ced63b27c3c5f052ee4d28f10150c",
          "version": "7.6.5"
        }
      },
      {
        "package": "SwiftyUserDefaults",
        "repositoryURL": "https://github.com/sunshinejr/SwiftyUserDefaults.git",
        "state": {
          "branch": "master",
          "revision": "05580d9ec2288adfdb44c182500c101f5f4ea9a6",
          "version": null
        }
      },
      {
        "package": "XCGLogger",
        "repositoryURL": "https://github.com/DaveWoodCom/XCGLogger.git",
        "state": {
          "branch": null,
          "revision": "a9c4667b247928a29bdd41be2ec2c8d304215a54",
          "version": "7.0.1"
        }
      },
      {
        "package": "xLib6000",
        "repositoryURL": "https://github.com/K3TZR/xLib6000.git",
        "state": {
          "branch": null,
          "revision": "5b23e1afa02d43171d309c2902cd8125ee61811b",
          "version": "1.6.5"
        }
      }
    ]
  },
  "version": 1
}
