{
  "object": {
    "pins": [
      {
        "package": "Auth0",
        "repositoryURL": "https://github.com/auth0/Auth0.swift.git",
        "state": {
          "branch": null,
          "revision": "e9a4a6a41dda385eb34e7dac32aa39db64ad5f22",
          "version": "1.30.1"
        }
      },
      {
        "package": "CocoaAsyncSocket",
        "repositoryURL": "https://github.com/robbiehanson/CocoaAsyncSocket",
        "state": {
          "branch": null,
          "revision": "dbdc00669c1ced63b27c3c5f052ee4d28f10150c",
          "version": "7.6.5"
        }
      },
      {
        "package": "CwlCatchException",
        "repositoryURL": "https://github.com/mattgallagher/CwlCatchException.git",
        "state": {
          "branch": null,
          "revision": "f809deb30dc5c9d9b78c872e553261a61177721a",
          "version": "2.0.0"
        }
      },
      {
        "package": "CwlPreconditionTesting",
        "repositoryURL": "https://github.com/mattgallagher/CwlPreconditionTesting.git",
        "state": {
          "branch": null,
          "revision": "02b7a39a99c4da27abe03cab2053a9034379639f",
          "version": "2.0.0"
        }
      },
      {
        "package": "JWTDecode",
        "repositoryURL": "https://github.com/auth0/JWTDecode.swift.git",
        "state": {
          "branch": null,
          "revision": "ee8c8edcb966a8fa123a25532ed3f189371da739",
          "version": "2.5.0"
        }
      },
      {
        "package": "Nimble",
        "repositoryURL": "https://github.com/Quick/Nimble.git",
        "state": {
          "branch": null,
          "revision": "e491a6731307bb23783bf664d003be9b2fa59ab5",
          "version": "9.0.0"
        }
      },
      {
        "package": "OHHTTPStubs",
        "repositoryURL": "https://github.com/AliSoftware/OHHTTPStubs.git",
        "state": {
          "branch": null,
          "revision": "12f19662426d0434d6c330c6974d53e2eb10ecd9",
          "version": "9.1.0"
        }
      },
      {
        "package": "Quick",
        "repositoryURL": "https://github.com/Quick/Quick.git",
        "state": {
          "branch": null,
          "revision": "0038bcbab4292f3b028632556507c124e5ba69f3",
          "version": "3.0.0"
        }
      },
      {
        "package": "SimpleKeychain",
        "repositoryURL": "https://github.com/auth0/SimpleKeychain.git",
        "state": {
          "branch": null,
          "revision": "d1ec816cbe4afd2ed54591bc53fe281f778e5c3b",
          "version": "0.12.1"
        }
      },
      {
        "package": "SwiftyUserDefaults",
        "repositoryURL": "https://github.com/sunshinejr/SwiftyUserDefaults.git",
        "state": {
          "branch": null,
          "revision": "28c8805314e67683f727c3376e69cbd4b8b590bb",
          "version": "5.1.0"
        }
      },
      {
        "package": "XCGLogger",
        "repositoryURL": "https://github.com/DaveWoodCom/XCGLogger.git",
        "state": {
          "branch": null,
          "revision": "a9c4667b247928a29bdd41be2ec2c8d304215a54",
          "version": "7.0.1"
        }
      },
      {
        "package": "xLib6000",
        "repositoryURL": "https://github.com/K3TZR/xLib6000.git",
        "state": {
          "branch": null,
          "revision": "6df5715fd47f476118bf6a59d43e578ab3b49a9d",
          "version": "1.6.15"
        }
      }
    ]
  },
  "version": 1
}
